
Microsoft Visual Studio Solution File, Format Version 12.00
# Visual Studio Version 17
VisualStudioVersion = 17.7.34221.43
MinimumVisualStudioVersion = 10.0.40219.1
Project("{FAE04EC0-301F-11D3-BF4B-00C04F79EFBC}") = "Singletone", "Singletone.csproj", "{2ED30C83-6F45-42C6-BEAC-77DD8D363C75}"
EndProject
Global
	GlobalSection(SolutionConfigurationPlatforms) = preSolution
		Debug|Any CPU = Debug|Any CPU
		Release|Any CPU = Release|Any CPU
	EndGlobalSection
	GlobalSection(ProjectConfigurationPlatforms) = postSolution
		{2ED30C83-6F45-42C6-BEAC-77DD8D363C75}.Debug|Any CPU.ActiveCfg = Debug|Any CPU
		{2ED30C83-6F45-42C6-BEAC-77DD8D363C75}.Debug|Any CPU.Build.0 = Debug|Any CPU
		{2ED30C83-6F45-42C6-BEAC-77DD8D363C75}.Release|Any CPU.ActiveCfg = Release|Any CPU
		{2ED30C83-6F45-42C6-BEAC-77DD8D363C75}.Release|Any CPU.Build.0 = Release|Any CPU
	EndGlobalSection
	GlobalSection(SolutionProperties) = preSolution
		HideSolutionNode = FALSE
	EndGlobalSection
	GlobalSection(ExtensibilityGlobals) = postSolution
		SolutionGuid = {8D82997B-AA24-422D-A82E-B09B9784266B}
	EndGlobalSection
EndGlobal
