
Microsoft Visual Studio Solution File, Format Version 12.00
# Visual Studio Version 17
VisualStudioVersion = 17.11.35327.3
MinimumVisualStudioVersion = 10.0.40219.1
Project("{FAE04EC0-301F-11D3-BF4B-00C04F79EFBC}") = "Fabric", "Fabric\Fabric.csproj", "{15D9AA24-CDBF-457D-9C9C-4A77CA0BAA9F}"
EndProject
Global
	GlobalSection(SolutionConfigurationPlatforms) = preSolution
		Debug|Any CPU = Debug|Any CPU
		Release|Any CPU = Release|Any CPU
	EndGlobalSection
	GlobalSection(ProjectConfigurationPlatforms) = postSolution
		{15D9AA24-CDBF-457D-9C9C-4A77CA0BAA9F}.Debug|Any CPU.ActiveCfg = Debug|Any CPU
		{15D9AA24-CDBF-457D-9C9C-4A77CA0BAA9F}.Debug|Any CPU.Build.0 = Debug|Any CPU
		{15D9AA24-CDBF-457D-9C9C-4A77CA0BAA9F}.Release|Any CPU.ActiveCfg = Release|Any CPU
		{15D9AA24-CDBF-457D-9C9C-4A77CA0BAA9F}.Release|Any CPU.Build.0 = Release|Any CPU
	EndGlobalSection
	GlobalSection(SolutionProperties) = preSolution
		HideSolutionNode = FALSE
	EndGlobalSection
	GlobalSection(ExtensibilityGlobals) = postSolution
		SolutionGuid = {A2C5357F-A012-4413-9C20-F13FF2908F99}
	EndGlobalSection
EndGlobal
